
Microsoft Visual Studio Solution File, Format Version 12.00
# Visual Studio 15
VisualStudioVersion = 15.0.28307.168
MinimumVisualStudioVersion = 10.0.40219.1
Project("{FAE04EC0-301F-11D3-BF4B-00C04F79EFBC}") = "MessagesWebApi", "MessagesWebApi\MessagesWebApi.csproj", "{EEDC5442-007A-4C1D-A407-B716AF2B9FA5}"
EndProject
Global
	GlobalSection(SolutionConfigurationPlatforms) = preSolution
		Debug|Any CPU = Debug|Any CPU
		Release|Any CPU = Release|Any CPU
	EndGlobalSection
	GlobalSection(ProjectConfigurationPlatforms) = postSolution
		{EEDC5442-007A-4C1D-A407-B716AF2B9FA5}.Debug|Any CPU.ActiveCfg = Debug|Any CPU
		{EEDC5442-007A-4C1D-A407-B716AF2B9FA5}.Debug|Any CPU.Build.0 = Debug|Any CPU
		{EEDC5442-007A-4C1D-A407-B716AF2B9FA5}.Release|Any CPU.ActiveCfg = Release|Any CPU
		{EEDC5442-007A-4C1D-A407-B716AF2B9FA5}.Release|Any CPU.Build.0 = Release|Any CPU
	EndGlobalSection
	GlobalSection(SolutionProperties) = preSolution
		HideSolutionNode = FALSE
	EndGlobalSection
	GlobalSection(ExtensibilityGlobals) = postSolution
		SolutionGuid = {D7626D5A-98E7-4F8E-8D73-37D8EB71B780}
	EndGlobalSection
EndGlobal
